PODS:
  - HHDoctor_pro (2.4.4.011910):
    - HHDoctor_pro/Base (= 2.4.4.011910)
    - NIMSDK
  - HHDoctor_pro/Base (2.4.4.011910):
    - NIMSDK
  - NIMSDK (7.2.0)

DEPENDENCIES:
  - "HHDoctor_pro (from `git@code.hh-medic.com:hh_public/HHDoctorProSDK.ios.git`)"

SPEC REPOS:
  https://github.com/CocoaPods/Specs.git:
    - NIMSDK

EXTERNAL SOURCES:
  HHDoctor_pro:
    :git: "git@code.hh-medic.com:hh_public/HHDoctorProSDK.ios.git"

CHECKOUT OPTIONS:
  HHDoctor_pro:
    :commit: c9f4eb9356ac7fa27566ac00910666237dab3569
    :git: "git@code.hh-medic.com:hh_public/HHDoctorProSDK.ios.git"

SPEC CHECKSUMS:
  HHDoctor_pro: 89f0d53eeb0039192c0117e860cae2e12333ced5
  NIMSDK: dddf54a13f29bee07a6b247b7763c40be39f4ff1

PODFILE CHECKSUM: 0486752ad76047621be12f99c0b393f209579619

COCOAPODS: 1.8.4
